<?xml version="1.0" encoding="UTF-8" standalone="yes" ?>
<CodeBlocks_project_file>
	<FileVersion major="1" minor="6" />
	<Project>
		<Option title="CPU32" />
		<Option makefile_is_custom="1" />
		<Option pch_mode="2" />
		<Option compiler="null" />
		<Build>
			<Target title="Release">
				<Option type="4" />
				<Option compiler="gcc" />
				<Option parameters="runonly" />
				<Option host_application="make" />
				<Option run_host_application_in_terminal="1" />
				<MakeCommands>
					<Build command="$make -f $makefile all" />
					<CompileFile command="$make -f $makefile all" />
					<Clean command="$make -f $makefile clean" />
					<DistClean command="$make -f $makefile distclean$target" />
					<AskRebuildNeeded command="$make -q -f $makefile" />
					<SilentBuild command="$make -f $makefile all &gt; $(CMD_NULL)" />
				</MakeCommands>
			</Target>
		</Build>
		<Unit filename="Makefile" />
		<Unit filename="adder.v" />
		<Unit filename="alu.v" />
		<Unit filename="execute.v" />
		<Unit filename="insn_decoder.v" />
		<Unit filename="main.v" />
		<Unit filename="memory_op.v" />
		<Unit filename="mult.v" />
		<Unit filename="mult_stub.v" />
		<Unit filename="ram.v" />
		<Unit filename="register_wb.v" />
		<Unit filename="regs.v" />
		<Unit filename="shift.v" />
		<Extensions>
			<code_completion />
			<envvars />
			<debugger />
			<lib_finder disable_auto="1" />
		</Extensions>
	</Project>
</CodeBlocks_project_file>
